Microsoft Visual Studio Solution File, Format Version 12.00
# Visual Studio Version 17
VisualStudioVersion = 17.5.2.0
MinimumVisualStudioVersion = 10.0.40219.1
Project("{FAE04EC0-301F-11D3-BF4B-00C04F79EFBC}") = "2025-11-19", "2025-11-19.csproj", "{0B49D1FD-35C9-BAD0-1EE7-5E9E35725454}"
EndProject
Global
	GlobalSection(SolutionConfigurationPlatforms) = preSolution
		Debug|Any CPU = Debug|Any CPU
		Release|Any CPU = Release|Any CPU
	EndGlobalSection
	GlobalSection(ProjectConfigurationPlatforms) = postSolution
		{0B49D1FD-35C9-BAD0-1EE7-5E9E35725454}.Debug|Any CPU.ActiveCfg = Debug|Any CPU
		{0B49D1FD-35C9-BAD0-1EE7-5E9E35725454}.Debug|Any CPU.Build.0 = Debug|Any CPU
		{0B49D1FD-35C9-BAD0-1EE7-5E9E35725454}.Release|Any CPU.ActiveCfg = Release|Any CPU
		{0B49D1FD-35C9-BAD0-1EE7-5E9E35725454}.Release|Any CPU.Build.0 = Release|Any CPU
	EndGlobalSection
	GlobalSection(SolutionProperties) = preSolution
		HideSolutionNode = FALSE
	EndGlobalSection
	GlobalSection(ExtensibilityGlobals) = postSolution
		SolutionGuid = {52C4FBA4-52A9-4C48-9611-8447114E25D5}
	EndGlobalSection
EndGlobal
